
Microsoft Visual Studio Solution File, Format Version 12.00
# Visual Studio Version 16
VisualStudioVersion = 16.0.29409.12
MinimumVisualStudioVersion = 10.0.40219.1
Project("{9A19103F-16F7-4668-BE54-9A1E7A4F7556}") = "MyVet.Common", "MyVet.Common\MyVet.Common.csproj", "{7FACD300-4526-4EA1-A176-DD183E60A9DD}"
EndProject
Project("{9A19103F-16F7-4668-BE54-9A1E7A4F7556}") = "MyVet.Web", "MyVet.Web\MyVet.Web.csproj", "{3F38968B-BDCF-4B31-87C9-104B665FF22B}"
EndProject
Project("{FAE04EC0-301F-11D3-BF4B-00C04F79EFBC}") = "MyVet.Prism", "MyVet.Prism\MyVet.Prism\MyVet.Prism.csproj", "{FE9D982E-AEDB-46D6-A467-46372D197EF1}"
EndProject
Project("{FAE04EC0-301F-11D3-BF4B-00C04F79EFBC}") = "MyVet.Prism.Android", "MyVet.Prism\MyVet.Prism.Android\MyVet.Prism.Android.csproj", "{2F939AC0-0CB6-441A-AB2D-A9CDBF79FA31}"
EndProject
Project("{FAE04EC0-301F-11D3-BF4B-00C04F79EFBC}") = "MyVet.Prism.iOS", "MyVet.Prism\MyVet.Prism.iOS\MyVet.Prism.iOS.csproj", "{1DB4D4CC-9DDC-4A5A-8A47-F84ACD49918F}"
EndProject
Global
	GlobalSection(SolutionConfigurationPlatforms) = preSolution
		Ad-Hoc|Any CPU = Ad-Hoc|Any CPU
		Ad-Hoc|iPhone = Ad-Hoc|iPhone
		Ad-Hoc|iPhoneSimulator = Ad-Hoc|iPhoneSimulator
		AppStore|Any CPU = AppStore|Any CPU
		AppStore|iPhone = AppStore|iPhone
		AppStore|iPhoneSimulator = AppStore|iPhoneSimulator
		Debug|Any CPU = Debug|Any CPU
		Debug|iPhone = Debug|iPhone
		Debug|iPhoneSimulator = Debug|iPhoneSimulator
		Release|Any CPU = Release|Any CPU
		Release|iPhone = Release|iPhone
		Release|iPhoneSimulator = Release|iPhoneSimulator
	EndGlobalSection
	GlobalSection(ProjectConfigurationPlatforms) = postSolution
		{7FACD300-4526-4EA1-A176-DD183E60A9DD}.Ad-Hoc|Any CPU.ActiveCfg = Release|Any CPU
		{7FACD300-4526-4EA1-A176-DD183E60A9DD}.Ad-Hoc|Any CPU.Build.0 = Release|Any CPU
		{7FACD300-4526-4EA1-A176-DD183E60A9DD}.Ad-Hoc|iPhone.ActiveCfg = Release|Any CPU
		{7FACD300-4526-4EA1-A176-DD183E60A9DD}.Ad-Hoc|iPhone.Build.0 = Release|Any CPU
		{7FACD300-4526-4EA1-A176-DD183E60A9DD}.Ad-Hoc|iPhoneSimulator.ActiveCfg = Release|Any CPU
		{7FACD300-4526-4EA1-A176-DD183E60A9DD}.Ad-Hoc|iPhoneSimulator.Build.0 = Release|Any CPU
		{7FACD300-4526-4EA1-A176-DD183E60A9DD}.AppStore|Any CPU.ActiveCfg = Release|Any CPU
		{7FACD300-4526-4EA1-A176-DD183E60A9DD}.AppStore|Any CPU.Build.0 = Release|Any CPU
		{7FACD300-4526-4EA1-A176-DD183E60A9DD}.AppStore|iPhone.ActiveCfg = Release|Any CPU
		{7FACD300-4526-4EA1-A176-DD183E60A9DD}.AppStore|iPhone.Build.0 = Release|Any CPU
		{7FACD300-4526-4EA1-A176-DD183E60A9DD}.AppStore|iPhoneSimulator.ActiveCfg = Release|Any CPU
		{7FACD300-4526-4EA1-A176-DD183E60A9DD}.AppStore|iPhoneSimulator.Build.0 = Release|Any CPU
		{7FACD300-4526-4EA1-A176-DD183E60A9DD}.Debug|Any CPU.ActiveCfg = Debug|Any CPU
		{7FACD300-4526-4EA1-A176-DD183E60A9DD}.Debug|Any CPU.Build.0 = Debug|Any CPU
		{7FACD300-4526-4EA1-A176-DD183E60A9DD}.Debug|iPhone.ActiveCfg = Debug|Any CPU
		{7FACD300-4526-4EA1-A176-DD183E60A9DD}.Debug|iPhone.Build.0 = Debug|Any CPU
		{7FACD300-4526-4EA1-A176-DD183E60A9DD}.Debug|iPhoneSimulator.ActiveCfg = Debug|Any CPU
		{7FACD300-4526-4EA1-A176-DD183E60A9DD}.Debug|iPhoneSimulator.Build.0 = Debug|Any CPU
		{7FACD300-4526-4EA1-A176-DD183E60A9DD}.Release|Any CPU.ActiveCfg = Release|Any CPU
		{7FACD300-4526-4EA1-A176-DD183E60A9DD}.Release|Any CPU.Build.0 = Release|Any CPU
		{7FACD300-4526-4EA1-A176-DD183E60A9DD}.Release|iPhone.ActiveCfg = Release|Any CPU
		{7FACD300-4526-4EA1-A176-DD183E60A9DD}.Release|iPhone.Build.0 = Release|Any CPU
		{7FACD300-4526-4EA1-A176-DD183E60A9DD}.Release|iPhoneSimulator.ActiveCfg = Release|Any CPU
		{7FACD300-4526-4EA1-A176-DD183E60A9DD}.Release|iPhoneSimulator.Build.0 = Release|Any CPU
		{3F38968B-BDCF-4B31-87C9-104B665FF22B}.Ad-Hoc|Any CPU.ActiveCfg = Release|Any CPU
		{3F38968B-BDCF-4B31-87C9-104B665FF22B}.Ad-Hoc|Any CPU.Build.0 = Release|Any CPU
		{3F38968B-BDCF-4B31-87C9-104B665FF22B}.Ad-Hoc|iPhone.ActiveCfg = Release|Any CPU
		{3F38968B-BDCF-4B31-87C9-104B665FF22B}.Ad-Hoc|iPhone.Build.0 = Release|Any CPU
		{3F38968B-BDCF-4B31-87C9-104B665FF22B}.Ad-Hoc|iPhoneSimulator.ActiveCfg = Release|Any CPU
		{3F38968B-BDCF-4B31-87C9-104B665FF22B}.Ad-Hoc|iPhoneSimulator.Build.0 = Release|Any CPU
		{3F38968B-BDCF-4B31-87C9-104B665FF22B}.AppStore|Any CPU.ActiveCfg = Release|Any CPU
		{3F38968B-BDCF-4B31-87C9-104B665FF22B}.AppStore|Any CPU.Build.0 = Release|Any CPU
		{3F38968B-BDCF-4B31-87C9-104B665FF22B}.AppStore|iPhone.ActiveCfg = Release|Any CPU
		{3F38968B-BDCF-4B31-87C9-104B665FF22B}.AppStore|iPhone.Build.0 = Release|Any CPU
		{3F38968B-BDCF-4B31-87C9-104B665FF22B}.AppStore|iPhoneSimulator.ActiveCfg = Release|Any CPU
		{3F38968B-BDCF-4B31-87C9-104B665FF22B}.AppStore|iPhoneSimulator.Build.0 = Release|Any CPU
		{3F38968B-BDCF-4B31-87C9-104B665FF22B}.Debug|Any CPU.ActiveCfg = Debug|Any CPU
		{3F38968B-BDCF-4B31-87C9-104B665FF22B}.Debug|Any CPU.Build.0 = Debug|Any CPU
		{3F38968B-BDCF-4B31-87C9-104B665FF22B}.Debug|iPhone.ActiveCfg = Debug|Any CPU
		{3F38968B-BDCF-4B31-87C9-104B665FF22B}.Debug|iPhone.Build.0 = Debug|Any CPU
		{3F38968B-BDCF-4B31-87C9-104B665FF22B}.Debug|iPhoneSimulator.ActiveCfg = Debug|Any CPU
		{3F38968B-BDCF-4B31-87C9-104B665FF22B}.Debug|iPhoneSimulator.Build.0 = Debug|Any CPU
		{3F38968B-BDCF-4B31-87C9-104B665FF22B}.Release|Any CPU.ActiveCfg = Release|Any CPU
		{3F38968B-BDCF-4B31-87C9-104B665FF22B}.Release|Any CPU.Build.0 = Release|Any CPU
		{3F38968B-BDCF-4B31-87C9-104B665FF22B}.Release|iPhone.ActiveCfg = Release|Any CPU
		{3F38968B-BDCF-4B31-87C9-104B665FF22B}.Release|iPhone.Build.0 = Release|Any CPU
		{3F38968B-BDCF-4B31-87C9-104B665FF22B}.Release|iPhoneSimulator.ActiveCfg = Release|Any CPU
		{3F38968B-BDCF-4B31-87C9-104B665FF22B}.Release|iPhoneSimulator.Build.0 = Release|Any CPU
		{FE9D982E-AEDB-46D6-A467-46372D197EF1}.Ad-Hoc|Any CPU.ActiveCfg = Debug|Any CPU
		{FE9D982E-AEDB-46D6-A467-46372D197EF1}.Ad-Hoc|Any CPU.Build.0 = Debug|Any CPU
		{FE9D982E-AEDB-46D6-A467-46372D197EF1}.Ad-Hoc|iPhone.ActiveCfg = Debug|Any CPU
		{FE9D982E-AEDB-46D6-A467-46372D197EF1}.Ad-Hoc|iPhone.Build.0 = Debug|Any CPU
		{FE9D982E-AEDB-46D6-A467-46372D197EF1}.Ad-Hoc|iPhoneSimulator.ActiveCfg = Debug|Any CPU
		{FE9D982E-AEDB-46D6-A467-46372D197EF1}.Ad-Hoc|iPhoneSimulator.Build.0 = Debug|Any CPU
		{FE9D982E-AEDB-46D6-A467-46372D197EF1}.AppStore|Any CPU.ActiveCfg = Debug|Any CPU
		{FE9D982E-AEDB-46D6-A467-46372D197EF1}.AppStore|Any CPU.Build.0 = Debug|Any CPU
		{FE9D982E-AEDB-46D6-A467-46372D197EF1}.AppStore|iPhone.ActiveCfg = Debug|Any CPU
		{FE9D982E-AEDB-46D6-A467-46372D197EF1}.AppStore|iPhone.Build.0 = Debug|Any CPU
		{FE9D982E-AEDB-46D6-A467-46372D197EF1}.AppStore|iPhoneSimulator.ActiveCfg = Debug|Any CPU
		{FE9D982E-AEDB-46D6-A467-46372D197EF1}.AppStore|iPhoneSimulator.Build.0 = Debug|Any CPU
		{FE9D982E-AEDB-46D6-A467-46372D197EF1}.Debug|Any CPU.ActiveCfg = Debug|Any CPU
		{FE9D982E-AEDB-46D6-A467-46372D197EF1}.Debug|Any CPU.Build.0 = Debug|Any CPU
		{FE9D982E-AEDB-46D6-A467-46372D197EF1}.Debug|iPhone.ActiveCfg = Debug|Any CPU
		{FE9D982E-AEDB-46D6-A467-46372D197EF1}.Debug|iPhone.Build.0 = Debug|Any CPU
		{FE9D982E-AEDB-46D6-A467-46372D197EF1}.Debug|iPhoneSimulator.ActiveCfg = Debug|Any CPU
		{FE9D982E-AEDB-46D6-A467-46372D197EF1}.Debug|iPhoneSimulator.Build.0 = Debug|Any CPU
		{FE9D982E-AEDB-46D6-A467-46372D197EF1}.Release|Any CPU.ActiveCfg = Release|Any CPU
		{FE9D982E-AEDB-46D6-A467-46372D197EF1}.Release|Any CPU.Build.0 = Release|Any CPU
		{FE9D982E-AEDB-46D6-A467-46372D197EF1}.Release|iPhone.ActiveCfg = Release|Any CPU
		{FE9D982E-AEDB-46D6-A467-46372D197EF1}.Release|iPhone.Build.0 = Release|Any CPU
		{FE9D982E-AEDB-46D6-A467-46372D197EF1}.Release|iPhoneSimulator.ActiveCfg = Release|Any CPU
		{FE9D982E-AEDB-46D6-A467-46372D197EF1}.Release|iPhoneSimulator.Build.0 = Release|Any CPU
		{2F939AC0-0CB6-441A-AB2D-A9CDBF79FA31}.Ad-Hoc|Any CPU.ActiveCfg = Release|Any CPU
		{2F939AC0-0CB6-441A-AB2D-A9CDBF79FA31}.Ad-Hoc|Any CPU.Build.0 = Release|Any CPU
		{2F939AC0-0CB6-441A-AB2D-A9CDBF79FA31}.Ad-Hoc|Any CPU.Deploy.0 = Release|Any CPU
		{2F939AC0-0CB6-441A-AB2D-A9CDBF79FA31}.Ad-Hoc|iPhone.ActiveCfg = Release|Any CPU
		{2F939AC0-0CB6-441A-AB2D-A9CDBF79FA31}.Ad-Hoc|iPhone.Build.0 = Release|Any CPU
		{2F939AC0-0CB6-441A-AB2D-A9CDBF79FA31}.Ad-Hoc|iPhone.Deploy.0 = Release|Any CPU
		{2F939AC0-0CB6-441A-AB2D-A9CDBF79FA31}.Ad-Hoc|iPhoneSimulator.ActiveCfg = Release|Any CPU
		{2F939AC0-0CB6-441A-AB2D-A9CDBF79FA31}.Ad-Hoc|iPhoneSimulator.Build.0 = Release|Any CPU
		{2F939AC0-0CB6-441A-AB2D-A9CDBF79FA31}.Ad-Hoc|iPhoneSimulator.Deploy.0 = Release|Any CPU
		{2F939AC0-0CB6-441A-AB2D-A9CDBF79FA31}.AppStore|Any CPU.ActiveCfg = Release|Any CPU
		{2F939AC0-0CB6-441A-AB2D-A9CDBF79FA31}.AppStore|Any CPU.Build.0 = Release|Any CPU
		{2F939AC0-0CB6-441A-AB2D-A9CDBF79FA31}.AppStore|Any CPU.Deploy.0 = Release|Any CPU
		{2F939AC0-0CB6-441A-AB2D-A9CDBF79FA31}.AppStore|iPhone.ActiveCfg = Release|Any CPU
		{2F939AC0-0CB6-441A-AB2D-A9CDBF79FA31}.AppStore|iPhone.Build.0 = Release|Any CPU
		{2F939AC0-0CB6-441A-AB2D-A9CDBF79FA31}.AppStore|iPhone.Deploy.0 = Release|Any CPU
		{2F939AC0-0CB6-441A-AB2D-A9CDBF79FA31}.AppStore|iPhoneSimulator.ActiveCfg = Release|Any CPU
		{2F939AC0-0CB6-441A-AB2D-A9CDBF79FA31}.AppStore|iPhoneSimulator.Build.0 = Release|Any CPU
		{2F939AC0-0CB6-441A-AB2D-A9CDBF79FA31}.AppStore|iPhoneSimulator.Deploy.0 = Release|Any CPU
		{2F939AC0-0CB6-441A-AB2D-A9CDBF79FA31}.Debug|Any CPU.ActiveCfg = Debug|Any CPU
		{2F939AC0-0CB6-441A-AB2D-A9CDBF79FA31}.Debug|Any CPU.Build.0 = Debug|Any CPU
		{2F939AC0-0CB6-441A-AB2D-A9CDBF79FA31}.Debug|Any CPU.Deploy.0 = Debug|Any CPU
		{2F939AC0-0CB6-441A-AB2D-A9CDBF79FA31}.Debug|iPhone.ActiveCfg = Debug|Any CPU
		{2F939AC0-0CB6-441A-AB2D-A9CDBF79FA31}.Debug|iPhone.Build.0 = Debug|Any CPU
		{2F939AC0-0CB6-441A-AB2D-A9CDBF79FA31}.Debug|iPhone.Deploy.0 = Debug|Any CPU
		{2F939AC0-0CB6-441A-AB2D-A9CDBF79FA31}.Debug|iPhoneSimulator.ActiveCfg = Debug|Any CPU
		{2F939AC0-0CB6-441A-AB2D-A9CDBF79FA31}.Debug|iPhoneSimulator.Build.0 = Debug|Any CPU
		{2F939AC0-0CB6-441A-AB2D-A9CDBF79FA31}.Debug|iPhoneSimulator.Deploy.0 = Debug|Any CPU
		{2F939AC0-0CB6-441A-AB2D-A9CDBF79FA31}.Release|Any CPU.ActiveCfg = Release|Any CPU
		{2F939AC0-0CB6-441A-AB2D-A9CDBF79FA31}.Release|Any CPU.Build.0 = Release|Any CPU
		{2F939AC0-0CB6-441A-AB2D-A9CDBF79FA31}.Release|Any CPU.Deploy.0 = Release|Any CPU
		{2F939AC0-0CB6-441A-AB2D-A9CDBF79FA31}.Release|iPhone.ActiveCfg = Release|Any CPU
		{2F939AC0-0CB6-441A-AB2D-A9CDBF79FA31}.Release|iPhone.Build.0 = Release|Any CPU
		{2F939AC0-0CB6-441A-AB2D-A9CDBF79FA31}.Release|iPhone.Deploy.0 = Release|Any CPU
		{2F939AC0-0CB6-441A-AB2D-A9CDBF79FA31}.Release|iPhoneSimulator.ActiveCfg = Release|Any CPU
		{2F939AC0-0CB6-441A-AB2D-A9CDBF79FA31}.Release|iPhoneSimulator.Build.0 = Release|Any CPU
		{2F939AC0-0CB6-441A-AB2D-A9CDBF79FA31}.Release|iPhoneSimulator.Deploy.0 = Release|Any CPU
		{1DB4D4CC-9DDC-4A5A-8A47-F84ACD49918F}.Ad-Hoc|Any CPU.ActiveCfg = Ad-Hoc|iPhone
		{1DB4D4CC-9DDC-4A5A-8A47-F84ACD49918F}.Ad-Hoc|iPhone.ActiveCfg = Ad-Hoc|iPhone
		{1DB4D4CC-9DDC-4A5A-8A47-F84ACD49918F}.Ad-Hoc|iPhone.Build.0 = Ad-Hoc|iPhone
		{1DB4D4CC-9DDC-4A5A-8A47-F84ACD49918F}.Ad-Hoc|iPhoneSimulator.ActiveCfg = Ad-Hoc|iPhoneSimulator
		{1DB4D4CC-9DDC-4A5A-8A47-F84ACD49918F}.Ad-Hoc|iPhoneSimulator.Build.0 = Ad-Hoc|iPhoneSimulator
		{1DB4D4CC-9DDC-4A5A-8A47-F84ACD49918F}.AppStore|Any CPU.ActiveCfg = AppStore|iPhone
		{1DB4D4CC-9DDC-4A5A-8A47-F84ACD49918F}.AppStore|iPhone.ActiveCfg = AppStore|iPhone
		{1DB4D4CC-9DDC-4A5A-8A47-F84ACD49918F}.AppStore|iPhone.Build.0 = AppStore|iPhone
		{1DB4D4CC-9DDC-4A5A-8A47-F84ACD49918F}.AppStore|iPhoneSimulator.ActiveCfg = AppStore|iPhoneSimulator
		{1DB4D4CC-9DDC-4A5A-8A47-F84ACD49918F}.AppStore|iPhoneSimulator.Build.0 = AppStore|iPhoneSimulator
		{1DB4D4CC-9DDC-4A5A-8A47-F84ACD49918F}.Debug|Any CPU.ActiveCfg = Debug|iPhone
		{1DB4D4CC-9DDC-4A5A-8A47-F84ACD49918F}.Debug|iPhone.ActiveCfg = Debug|iPhone
		{1DB4D4CC-9DDC-4A5A-8A47-F84ACD49918F}.Debug|iPhone.Build.0 = Debug|iPhone
		{1DB4D4CC-9DDC-4A5A-8A47-F84ACD49918F}.Debug|iPhoneSimulator.ActiveCfg = Debug|iPhoneSimulator
		{1DB4D4CC-9DDC-4A5A-8A47-F84ACD49918F}.Debug|iPhoneSimulator.Build.0 = Debug|iPhoneSimulator
		{1DB4D4CC-9DDC-4A5A-8A47-F84ACD49918F}.Release|Any CPU.ActiveCfg = Release|iPhone
		{1DB4D4CC-9DDC-4A5A-8A47-F84ACD49918F}.Release|iPhone.ActiveCfg = Release|iPhone
		{1DB4D4CC-9DDC-4A5A-8A47-F84ACD49918F}.Release|iPhone.Build.0 = Release|iPhone
		{1DB4D4CC-9DDC-4A5A-8A47-F84ACD49918F}.Release|iPhoneSimulator.ActiveCfg = Release|iPhoneSimulator
		{1DB4D4CC-9DDC-4A5A-8A47-F84ACD49918F}.Release|iPhoneSimulator.Build.0 = Release|iPhoneSimulator
	EndGlobalSection
	GlobalSection(SolutionProperties) = preSolution
		HideSolutionNode = FALSE
	EndGlobalSection
	GlobalSection(ExtensibilityGlobals) = postSolution
		SolutionGuid = {876686FD-77E1-4A35-ABEF-5167EB7EDA37}
	EndGlobalSection
EndGlobal
